
Microsoft Visual Studio Solution File, Format Version 12.00
# Visual Studio Version 17
VisualStudioVersion = 17.13.35828.75 d17.13
MinimumVisualStudioVersion = 10.0.40219.1
Project("{FAE04EC0-301F-11D3-BF4B-00C04F79EFBC}") = "RaviLMS", "RaviLMS\RaviLMS.csproj", "{78BE2C42-4917-4564-9ECA-96BB75B553EA}"
EndProject
Global
	GlobalSection(SolutionConfigurationPlatforms) = preSolution
		Debug|Any CPU = Debug|Any CPU
		Release|Any CPU = Release|Any CPU
	EndGlobalSection
	GlobalSection(ProjectConfigurationPlatforms) = postSolution
		{78BE2C42-4917-4564-9ECA-96BB75B553EA}.Debug|Any CPU.ActiveCfg = Debug|Any CPU
		{78BE2C42-4917-4564-9ECA-96BB75B553EA}.Debug|Any CPU.Build.0 = Debug|Any CPU
		{78BE2C42-4917-4564-9ECA-96BB75B553EA}.Release|Any CPU.ActiveCfg = Release|Any CPU
		{78BE2C42-4917-4564-9ECA-96BB75B553EA}.Release|Any CPU.Build.0 = Release|Any CPU
	EndGlobalSection
	GlobalSection(SolutionProperties) = preSolution
		HideSolutionNode = FALSE
	EndGlobalSection
	GlobalSection(ExtensibilityGlobals) = postSolution
		SolutionGuid = {081DCCC2-09FC-4803-A473-88D04CA55DF9}
	EndGlobalSection
EndGlobal
